{
  "version": 4,
  "terraform_version": "0.12.12",
  "serial": 3,
  "lineage": "f8d6d091-f6c0-bf2f-9040-9d2340909843",
  "outputs": {
    "repo_client": {
      "value": "https://git-codecommit.us-east-2.amazonaws.com/v1/repos/aws-client",
      "type": "string"
    }
  },
  "resources": [
    {
      "mode": "managed",
      "type": "aws_codecommit_repository",
      "name": "repo_client",
      "provider": "provider.aws",
      "instances": [
        {
          "schema_version": 0,
          "attributes": {
            "arn": "arn:aws:codecommit:us-east-2:851186901830:aws-client",
            "clone_url_http": "https://git-codecommit.us-east-2.amazonaws.com/v1/repos/aws-client",
            "clone_url_ssh": "ssh://git-codecommit.us-east-2.amazonaws.com/v1/repos/aws-client",
            "default_branch": null,
            "description": "",
            "id": "aws-client",
            "repository_id": "a66c5498-3e3d-423c-a364-172be6e7d47b",
            "repository_name": "aws-client",
            "tags": null
          },
          "private": "bnVsbA=="
        }
      ]
    },
    {
      "mode": "managed",
      "type": "aws_codecommit_repository",
      "name": "repo_infra",
      "provider": "provider.aws",
      "instances": [
        {
          "schema_version": 0,
          "attributes": {
            "arn": "arn:aws:codecommit:us-east-2:851186901830:aws-infra",
            "clone_url_http": "https://git-codecommit.us-east-2.amazonaws.com/v1/repos/aws-infra",
            "clone_url_ssh": "ssh://git-codecommit.us-east-2.amazonaws.com/v1/repos/aws-infra",
            "default_branch": null,
            "description": "",
            "id": "aws-infra",
            "repository_id": "785f9d88-1747-440b-af7e-b093e92d15c0",
            "repository_name": "aws-infra",
            "tags": null
          },
          "private": "bnVsbA=="
        }
      ]
    }
  ]
}
